
Microsoft Visual Studio Solution File, Format Version 12.00
# Visual Studio Version 16
VisualStudioVersion = 16.0.30011.22
MinimumVisualStudioVersion = 10.0.40219.1
Project("{FAE04EC0-301F-11D3-BF4B-00C04F79EFBC}") = "Polimorfizm", "Polimorfizm\Polimorfizm.csproj", "{07FC5A22-7483-48DB-B835-628C5E5D9BAE}"
EndProject
Global
	GlobalSection(SolutionConfigurationPlatforms) = preSolution
		Debug|Any CPU = Debug|Any CPU
		Release|Any CPU = Release|Any CPU
	EndGlobalSection
	GlobalSection(ProjectConfigurationPlatforms) = postSolution
		{07FC5A22-7483-48DB-B835-628C5E5D9BAE}.Debug|Any CPU.ActiveCfg = Debug|Any CPU
		{07FC5A22-7483-48DB-B835-628C5E5D9BAE}.Debug|Any CPU.Build.0 = Debug|Any CPU
		{07FC5A22-7483-48DB-B835-628C5E5D9BAE}.Release|Any CPU.ActiveCfg = Release|Any CPU
		{07FC5A22-7483-48DB-B835-628C5E5D9BAE}.Release|Any CPU.Build.0 = Release|Any CPU
	EndGlobalSection
	GlobalSection(SolutionProperties) = preSolution
		HideSolutionNode = FALSE
	EndGlobalSection
	GlobalSection(ExtensibilityGlobals) = postSolution
		SolutionGuid = {2BFED12F-FE04-4AF1-8ECA-4CC1A9B875FF}
	EndGlobalSection
EndGlobal
